
Microsoft Visual Studio Solution File, Format Version 12.00
# Visual Studio 2012
Project("{FAE04EC0-301F-11D3-BF4B-00C04F79EFBC}") = "WindowsFormsApplication1", "WindowsFormsApplication1\WindowsFormsApplication1.csproj", "{F36E23A5-A017-40C9-8670-20FC5E5141CB}"
EndProject
Global
	GlobalSection(SolutionConfigurationPlatforms) = preSolution
		Debug|Any CPU = Debug|Any CPU
		Release|Any CPU = Release|Any CPU
	EndGlobalSection
	GlobalSection(ProjectConfigurationPlatforms) = postSolution
		{F36E23A5-A017-40C9-8670-20FC5E5141CB}.Debug|Any CPU.ActiveCfg = Debug|Any CPU
		{F36E23A5-A017-40C9-8670-20FC5E5141CB}.Debug|Any CPU.Build.0 = Debug|Any CPU
		{F36E23A5-A017-40C9-8670-20FC5E5141CB}.Release|Any CPU.ActiveCfg = Release|Any CPU
		{F36E23A5-A017-40C9-8670-20FC5E5141CB}.Release|Any CPU.Build.0 = Release|Any CPU
	EndGlobalSection
	GlobalSection(SolutionProperties) = preSolution
		HideSolutionNode = FALSE
	EndGlobalSection
EndGlobal
